Microsoft Visual Studio Solution File, Format Version 11.00
# Visual Studio 2010
Project("{F184B08F-C81C-45F6-A57F-5ABD9991F28F}") = "StaticParameterValues", "StaticParameterValues\StaticParameterValues.vbproj", "{F2C715D6-38E6-484D-885C-E275E06DE001}"
EndProject
Global
	GlobalSection(SolutionConfigurationPlatforms) = preSolution
		Debug|x86 = Debug|x86
		Release|x86 = Release|x86
	EndGlobalSection
	GlobalSection(ProjectConfigurationPlatforms) = postSolution
		{F2C715D6-38E6-484D-885C-E275E06DE001}.Debug|x86.ActiveCfg = Debug|x86
		{F2C715D6-38E6-484D-885C-E275E06DE001}.Debug|x86.Build.0 = Debug|x86
		{F2C715D6-38E6-484D-885C-E275E06DE001}.Release|x86.ActiveCfg = Release|x86
		{F2C715D6-38E6-484D-885C-E275E06DE001}.Release|x86.Build.0 = Release|x86
	EndGlobalSection
	GlobalSection(SolutionProperties) = preSolution
		HideSolutionNode = FALSE
	EndGlobalSection
EndGlobal
